
Microsoft Visual Studio Solution File, Format Version 12.00
# Visual Studio Version 16
VisualStudioVersion = 16.0.32002.261
MinimumVisualStudioVersion = 10.0.40219.1
Project("{FAE04EC0-301F-11D3-BF4B-00C04F79EFBC}") = "DemoAPI", "DemoAPI\DemoAPI.csproj", "{54E0DFF0-158D-4709-9873-01A462761405}"
EndProject
Global
	GlobalSection(SolutionConfigurationPlatforms) = preSolution
		Debug|Any CPU = Debug|Any CPU
		Release|Any CPU = Release|Any CPU
	EndGlobalSection
	GlobalSection(ProjectConfigurationPlatforms) = postSolution
		{54E0DFF0-158D-4709-9873-01A462761405}.Debug|Any CPU.ActiveCfg = Debug|Any CPU
		{54E0DFF0-158D-4709-9873-01A462761405}.Debug|Any CPU.Build.0 = Debug|Any CPU
		{54E0DFF0-158D-4709-9873-01A462761405}.Release|Any CPU.ActiveCfg = Release|Any CPU
		{54E0DFF0-158D-4709-9873-01A462761405}.Release|Any CPU.Build.0 = Release|Any CPU
	EndGlobalSection
	GlobalSection(SolutionProperties) = preSolution
		HideSolutionNode = FALSE
	EndGlobalSection
	GlobalSection(ExtensibilityGlobals) = postSolution
		SolutionGuid = {0C05B95D-91A0-4E24-BD00-EE289F27498B}
	EndGlobalSection
EndGlobal
